
Microsoft Visual Studio Solution File, Format Version 12.00
# Visual Studio 14
VisualStudioVersion = 14.0.23107.0
MinimumVisualStudioVersion = 10.0.40219.1
Project("{2150E333-8FDC-42A3-9474-1A3956D46DE8}") = "GitHub", "GitHub", "{C8F7F7B0-6243-497C-9FE2-F9C70990E5FD}"
	ProjectSection(SolutionItems) = preProject
		.gitattributes = .gitattributes
		.gitignore = .gitignore
		README.md = README.md
		SN.FreshDesk\SN.FreshDesk.nuspec = SN.FreshDesk\SN.FreshDesk.nuspec
	EndProjectSection
EndProject
Project("{FAE04EC0-301F-11D3-BF4B-00C04F79EFBC}") = "SN.FreshDesk.Models", "SN.FreshDesk.Models\SN.FreshDesk.Models.csproj", "{E20A3911-A1EF-4806-B03C-0187AC894819}"
EndProject
Project("{FAE04EC0-301F-11D3-BF4B-00C04F79EFBC}") = "SN.FreshDesk", "SN.FreshDesk\SN.FreshDesk.csproj", "{14795D5A-21DA-4CE8-B707-FC855607EFA7}"
EndProject
Project("{2150E333-8FDC-42A3-9474-1A3956D46DE8}") = "Tests", "Tests", "{9362E038-2855-459A-85AD-F0571710A756}"
EndProject
Project("{FAE04EC0-301F-11D3-BF4B-00C04F79EFBC}") = "SN.FreshDesk.Tests", "SN.FreshDesk.Tests\SN.FreshDesk.Tests.csproj", "{81CBCA5E-EC92-42C7-9A96-D92D1A1560CC}"
EndProject
Project("{2150E333-8FDC-42A3-9474-1A3956D46DE8}") = "Client", "Client", "{12B99287-AD5E-40D0-A096-75A3EA3B9E42}"
EndProject
Project("{FAE04EC0-301F-11D3-BF4B-00C04F79EFBC}") = "SN.FreshDesk.Connector", "SN.FreshDesk.Connector\SN.FreshDesk.Connector.csproj", "{E07A12FD-EB59-46ED-8046-0BB631262475}"
EndProject
Global
	GlobalSection(SolutionConfigurationPlatforms) = preSolution
		Debug|Any CPU = Debug|Any CPU
		Release|Any CPU = Release|Any CPU
	EndGlobalSection
	GlobalSection(ProjectConfigurationPlatforms) = postSolution
		{E20A3911-A1EF-4806-B03C-0187AC894819}.Debug|Any CPU.ActiveCfg = Debug|Any CPU
		{E20A3911-A1EF-4806-B03C-0187AC894819}.Debug|Any CPU.Build.0 = Debug|Any CPU
		{E20A3911-A1EF-4806-B03C-0187AC894819}.Release|Any CPU.ActiveCfg = Release|Any CPU
		{E20A3911-A1EF-4806-B03C-0187AC894819}.Release|Any CPU.Build.0 = Release|Any CPU
		{14795D5A-21DA-4CE8-B707-FC855607EFA7}.Debug|Any CPU.ActiveCfg = Debug|Any CPU
		{14795D5A-21DA-4CE8-B707-FC855607EFA7}.Debug|Any CPU.Build.0 = Debug|Any CPU
		{14795D5A-21DA-4CE8-B707-FC855607EFA7}.Release|Any CPU.ActiveCfg = Release|Any CPU
		{14795D5A-21DA-4CE8-B707-FC855607EFA7}.Release|Any CPU.Build.0 = Release|Any CPU
		{81CBCA5E-EC92-42C7-9A96-D92D1A1560CC}.Debug|Any CPU.ActiveCfg = Debug|Any CPU
		{81CBCA5E-EC92-42C7-9A96-D92D1A1560CC}.Debug|Any CPU.Build.0 = Debug|Any CPU
		{81CBCA5E-EC92-42C7-9A96-D92D1A1560CC}.Release|Any CPU.ActiveCfg = Release|Any CPU
		{81CBCA5E-EC92-42C7-9A96-D92D1A1560CC}.Release|Any CPU.Build.0 = Release|Any CPU
		{E07A12FD-EB59-46ED-8046-0BB631262475}.Debug|Any CPU.ActiveCfg = Debug|Any CPU
		{E07A12FD-EB59-46ED-8046-0BB631262475}.Debug|Any CPU.Build.0 = Debug|Any CPU
		{E07A12FD-EB59-46ED-8046-0BB631262475}.Release|Any CPU.ActiveCfg = Release|Any CPU
		{E07A12FD-EB59-46ED-8046-0BB631262475}.Release|Any CPU.Build.0 = Release|Any CPU
	EndGlobalSection
	GlobalSection(SolutionProperties) = preSolution
		HideSolutionNode = FALSE
	EndGlobalSection
	GlobalSection(NestedProjects) = preSolution
		{81CBCA5E-EC92-42C7-9A96-D92D1A1560CC} = {9362E038-2855-459A-85AD-F0571710A756}
		{E07A12FD-EB59-46ED-8046-0BB631262475} = {12B99287-AD5E-40D0-A096-75A3EA3B9E42}
	EndGlobalSection
EndGlobal
